
Microsoft Visual Studio Solution File, Format Version 12.00
# Visual Studio 15
VisualStudioVersion = 15.0.28307.168
MinimumVisualStudioVersion = 10.0.40219.1
Project("{8BC9CEB8-8B4A-11D0-8D11-00A0C91BC942}") = "pulse-filetree-generator", "pulse-filetree-generator\pulse-filetree-generator.vcxproj", "{A65B9470-688C-4D0A-A2B9-8F51B00899B8}"
EndProject
Global
	GlobalSection(SolutionConfigurationPlatforms) = preSolution
		Debug|x64 = Debug|x64
		Debug|x86 = Debug|x86
		Release|x64 = Release|x64
		Release|x86 = Release|x86
	EndGlobalSection
	GlobalSection(ProjectConfigurationPlatforms) = postSolution
		{A65B9470-688C-4D0A-A2B9-8F51B00899B8}.Debug|x64.ActiveCfg = Debug|x64
		{A65B9470-688C-4D0A-A2B9-8F51B00899B8}.Debug|x64.Build.0 = Debug|x64
		{A65B9470-688C-4D0A-A2B9-8F51B00899B8}.Debug|x86.ActiveCfg = Debug|Win32
		{A65B9470-688C-4D0A-A2B9-8F51B00899B8}.Debug|x86.Build.0 = Debug|Win32
		{A65B9470-688C-4D0A-A2B9-8F51B00899B8}.Release|x64.ActiveCfg = Release|x64
		{A65B9470-688C-4D0A-A2B9-8F51B00899B8}.Release|x64.Build.0 = Release|x64
		{A65B9470-688C-4D0A-A2B9-8F51B00899B8}.Release|x86.ActiveCfg = Release|Win32
		{A65B9470-688C-4D0A-A2B9-8F51B00899B8}.Release|x86.Build.0 = Release|Win32
	EndGlobalSection
	GlobalSection(SolutionProperties) = preSolution
		HideSolutionNode = FALSE
	EndGlobalSection
	GlobalSection(ExtensibilityGlobals) = postSolution
		SolutionGuid = {2C2220E6-EDB6-45E7-9953-0839A67F5A70}
	EndGlobalSection
EndGlobal
